
Microsoft Visual Studio Solution File, Format Version 12.00
# Visual Studio 15
VisualStudioVersion = 15.0.27004.2008
MinimumVisualStudioVersion = 10.0.40219.1
Project("{2150E333-8FDC-42A3-9474-1A3956D46DE8}") = "src", "src", "{4E466E6B-B3EB-4D21-A930-FDFA60FBEBCC}"
EndProject
Project("{2150E333-8FDC-42A3-9474-1A3956D46DE8}") = "test", "test", "{4712A230-9747-4447-B4C5-022006511342}"
EndProject
Project("{2150E333-8FDC-42A3-9474-1A3956D46DE8}") = "Solution Items", "Solution Items", "{CB0132B9-7821-40D8-9BEF-84205CD2ED75}"
EndProject
Project("{2150E333-8FDC-42A3-9474-1A3956D46DE8}") = "samples", "samples", "{8B5A2808-6790-4BE6-B4C2-B54BD4D67FB7}"
EndProject
Project("{9A19103F-16F7-4668-BE54-9A1E7A4F7556}") = "dexih.transforms", "src\dexih.transforms\dexih.transforms.csproj", "{DE06ED25-392B-4E85-849F-6E4FD96D5E0C}"
EndProject
Project("{9A19103F-16F7-4668-BE54-9A1E7A4F7556}") = "dexih.functions.tests", "test\dexih.functions.tests\dexih.functions.tests.csproj", "{42FCB883-FA0E-4897-B678-7E600A93B354}"
EndProject
Project("{9A19103F-16F7-4668-BE54-9A1E7A4F7556}") = "dexih.transforms.tests", "test\dexih.transforms.tests\dexih.transforms.tests.csproj", "{465EA7D0-3C90-43D0-B72F-164B9A32D381}"
EndProject
Project("{9A19103F-16F7-4668-BE54-9A1E7A4F7556}") = "dexih.connections.test", "test\dexih.connections.test\dexih.connections.test.csproj", "{1459FE8E-0954-4FD7-BC97-9BDF00835A21}"
EndProject
Project("{9A19103F-16F7-4668-BE54-9A1E7A4F7556}") = "ReaderExamples", "samples\FunctionExamples\ReaderExamples.csproj", "{1DA0D318-64EB-4151-AD0B-4062B7A862A6}"
EndProject
Project("{9A19103F-16F7-4668-BE54-9A1E7A4F7556}") = "dexih.connections.azure", "src\dexih.connections.azure\dexih.connections.azure.csproj", "{7F9A835E-7AD1-401A-93BC-E9FDE586366F}"
EndProject
Project("{9A19103F-16F7-4668-BE54-9A1E7A4F7556}") = "dexih.connections.webservice.restful", "src\dexih.connections.webservice.restful\dexih.connections.webservice.restful.csproj", "{C692E99D-B2B1-4A8E-8378-20F937110E72}"
EndProject
Project("{9A19103F-16F7-4668-BE54-9A1E7A4F7556}") = "dexih.connections.flatfile", "src\dexih.connections.flatfile\dexih.connections.flatfile.csproj", "{E9470918-7D49-4AD4-B015-60E4F1E02457}"
EndProject
Project("{9A19103F-16F7-4668-BE54-9A1E7A4F7556}") = "dexih.connections.azure.tests", "test\dexih.connections.azure.tests\dexih.connections.azure.tests.csproj", "{770F19C5-BD62-4AF5-9C2D-D02212E0081F}"
EndProject
Project("{9A19103F-16F7-4668-BE54-9A1E7A4F7556}") = "dexih.connections.flatfile.tests", "test\dexih.connections.flatfile.tests\dexih.connections.flatfile.tests.csproj", "{C4B351AA-98F8-419E-AB09-F718074571D4}"
EndProject
Project("{9A19103F-16F7-4668-BE54-9A1E7A4F7556}") = "dexih.functions", "src\dexih.functions\dexih.functions.csproj", "{4D9DF68E-6365-4F1F-9A0D-92A37A1C8B8A}"
EndProject
Project("{9A19103F-16F7-4668-BE54-9A1E7A4F7556}") = "dexih.connections.webservice.restful.tests", "test\dexih.connections.webservice.restful.tests\dexih.connections.webservice.restful.tests.csproj", "{C7E245DC-2C1C-48B8-9A6B-278194684258}"
EndProject
Project("{9A19103F-16F7-4668-BE54-9A1E7A4F7556}") = "dexih.connections.excel", "src\dexih.connections.excel\dexih.connections.excel.csproj", "{92870864-65E8-4C33-9235-F269BB21DDE9}"
EndProject
Project("{9A19103F-16F7-4668-BE54-9A1E7A4F7556}") = "dexih.connections.dexih", "src\dexih.connections.dexih\dexih.connections.dexih.csproj", "{826C6B11-4385-4DD7-80FD-31139FA0B0CF}"
EndProject
Project("{9A19103F-16F7-4668-BE54-9A1E7A4F7556}") = "dexih.connections.excel.tests", "test\dexih.connections.excel.tests\dexih.connections.excel.tests.csproj", "{1270FA43-9CB5-48EB-A3FD-3F0C5396863E}"
EndProject
Project("{9A19103F-16F7-4668-BE54-9A1E7A4F7556}") = "dexih.connections.ftp", "src\dexih.connections.ftp\dexih.connections.ftp.csproj", "{0F400007-EC3E-4E2E-BC41-A63657FBB436}"
EndProject
Project("{9A19103F-16F7-4668-BE54-9A1E7A4F7556}") = "dexih.connections.sftp", "src\dexih.connections.sftp\dexih.connections.sftp.csproj", "{D1AD285C-DB72-460B-9055-D9926BAFF7EC}"
EndProject
Project("{9A19103F-16F7-4668-BE54-9A1E7A4F7556}") = "dexih.connections.mysql", "src\dexih.connections.mysql\dexih.connections.mysql.csproj", "{26C79793-07C6-4738-BB10-4742FDABDE7E}"
EndProject
Project("{9A19103F-16F7-4668-BE54-9A1E7A4F7556}") = "dexih.connections.oracle", "src\dexih.connections.oracle\dexih.connections.oracle.csproj", "{328AF21D-69F2-4638-BD1B-BFD99564D53F}"
EndProject
Project("{9A19103F-16F7-4668-BE54-9A1E7A4F7556}") = "dexih.connections.postgressql", "src\dexih.connections.postgressql\dexih.connections.postgressql.csproj", "{C4AA02C1-787C-49B7-97FE-F2C78CE4D485}"
EndProject
Project("{9A19103F-16F7-4668-BE54-9A1E7A4F7556}") = "dexih.connections.sqlite", "src\dexih.connections.sqlite\dexih.connections.sqlite.csproj", "{80C5E321-C37A-45A7-B116-6F820B8E5A38}"
EndProject
Project("{9A19103F-16F7-4668-BE54-9A1E7A4F7556}") = "dexih.connections.sqlserver", "src\dexih.connections.sqlserver\dexih.connections.sqlserver.csproj", "{EA622C10-1295-484E-BE86-62EF8288EAE1}"
EndProject
Project("{FAE04EC0-301F-11D3-BF4B-00C04F79EFBC}") = "dexih.connections.mysql.tests", "test\dexih.connections.mysql.tests\dexih.connections.mysql.tests.csproj", "{A58CB94C-1177-4C7D-9065-6FBE39009666}"
EndProject
Project("{FAE04EC0-301F-11D3-BF4B-00C04F79EFBC}") = "dexih.connections.oracle.tests", "test\dexih.connections.oracle.tests\dexih.connections.oracle.tests.csproj", "{58466C10-CC57-46EA-B001-608D7482BC66}"
EndProject
Project("{FAE04EC0-301F-11D3-BF4B-00C04F79EFBC}") = "dexih.connections.sqlite.tests", "test\dexih.connections.sqlite.tests\dexih.connections.sqlite.tests.csproj", "{FB667306-BA69-4978-A25A-808E3328A61F}"
EndProject
Project("{FAE04EC0-301F-11D3-BF4B-00C04F79EFBC}") = "dexih.connections.sqlserver.tests", "test\dexih.connections.sqlserver.tests\dexih.connections.sqlserver.tests.csproj", "{3D57D7C1-6D3F-4C94-9F44-011462B74099}"
EndProject
Project("{9A19103F-16F7-4668-BE54-9A1E7A4F7556}") = "dexih.connections.postgressql.tests", "test\dexih.connections.postgressql.tests\dexih.connections.postgressql.tests.csproj", "{A461B22F-2498-4CD0-88CA-C5103671D26E}"
EndProject
Project("{FAE04EC0-301F-11D3-BF4B-00C04F79EFBC}") = "dexih.connections.ftp.tests", "test\dexih.connections.ftp.tests\dexih.connections.ftp.tests.csproj", "{72159588-5D70-4861-916C-AEBF1B52A307}"
EndProject
Project("{FAE04EC0-301F-11D3-BF4B-00C04F79EFBC}") = "dexih.connections.sftp.tests", "test\dexih.connections.sftp.tests\dexih.connections.sftp.tests.csproj", "{158DACDD-255A-4182-8F63-EBB8D9B1AF01}"
EndProject
Project("{2150E333-8FDC-42A3-9474-1A3956D46DE8}") = "ext", "ext", "{DA48DBC9-1181-4043-B5F7-89609F317814}"
EndProject
Project("{FAE04EC0-301F-11D3-BF4B-00C04F79EFBC}") = "Dexih.Utils.DataType", "..\dexih.utils.datatype\src\Dexih.Utils.DataType\Dexih.Utils.DataType.csproj", "{04FD5447-5A11-4B61-98CD-E581124078F5}"
EndProject
Global
	GlobalSection(SolutionConfigurationPlatforms) = preSolution
		Debug|Any CPU = Debug|Any CPU
		Debug|x64 = Debug|x64
		Debug|x86 = Debug|x86
		Release|Any CPU = Release|Any CPU
		Release|x64 = Release|x64
		Release|x86 = Release|x86
	EndGlobalSection
	GlobalSection(ProjectConfigurationPlatforms) = postSolution
		{DE06ED25-392B-4E85-849F-6E4FD96D5E0C}.Debug|Any CPU.ActiveCfg = Debug|Any CPU
		{DE06ED25-392B-4E85-849F-6E4FD96D5E0C}.Debug|Any CPU.Build.0 = Debug|Any CPU
		{DE06ED25-392B-4E85-849F-6E4FD96D5E0C}.Debug|x64.ActiveCfg = Debug|Any CPU
		{DE06ED25-392B-4E85-849F-6E4FD96D5E0C}.Debug|x64.Build.0 = Debug|Any CPU
		{DE06ED25-392B-4E85-849F-6E4FD96D5E0C}.Debug|x86.ActiveCfg = Debug|Any CPU
		{DE06ED25-392B-4E85-849F-6E4FD96D5E0C}.Debug|x86.Build.0 = Debug|Any CPU
		{DE06ED25-392B-4E85-849F-6E4FD96D5E0C}.Release|Any CPU.ActiveCfg = Release|Any CPU
		{DE06ED25-392B-4E85-849F-6E4FD96D5E0C}.Release|Any CPU.Build.0 = Release|Any CPU
		{DE06ED25-392B-4E85-849F-6E4FD96D5E0C}.Release|x64.ActiveCfg = Release|Any CPU
		{DE06ED25-392B-4E85-849F-6E4FD96D5E0C}.Release|x64.Build.0 = Release|Any CPU
		{DE06ED25-392B-4E85-849F-6E4FD96D5E0C}.Release|x86.ActiveCfg = Release|Any CPU
		{DE06ED25-392B-4E85-849F-6E4FD96D5E0C}.Release|x86.Build.0 = Release|Any CPU
		{42FCB883-FA0E-4897-B678-7E600A93B354}.Debug|Any CPU.ActiveCfg = Debug|Any CPU
		{42FCB883-FA0E-4897-B678-7E600A93B354}.Debug|Any CPU.Build.0 = Debug|Any CPU
		{42FCB883-FA0E-4897-B678-7E600A93B354}.Debug|x64.ActiveCfg = Debug|Any CPU
		{42FCB883-FA0E-4897-B678-7E600A93B354}.Debug|x64.Build.0 = Debug|Any CPU
		{42FCB883-FA0E-4897-B678-7E600A93B354}.Debug|x86.ActiveCfg = Debug|Any CPU
		{42FCB883-FA0E-4897-B678-7E600A93B354}.Debug|x86.Build.0 = Debug|Any CPU
		{42FCB883-FA0E-4897-B678-7E600A93B354}.Release|Any CPU.ActiveCfg = Release|Any CPU
		{42FCB883-FA0E-4897-B678-7E600A93B354}.Release|Any CPU.Build.0 = Release|Any CPU
		{42FCB883-FA0E-4897-B678-7E600A93B354}.Release|x64.ActiveCfg = Release|Any CPU
		{42FCB883-FA0E-4897-B678-7E600A93B354}.Release|x64.Build.0 = Release|Any CPU
		{42FCB883-FA0E-4897-B678-7E600A93B354}.Release|x86.ActiveCfg = Release|Any CPU
		{42FCB883-FA0E-4897-B678-7E600A93B354}.Release|x86.Build.0 = Release|Any CPU
		{465EA7D0-3C90-43D0-B72F-164B9A32D381}.Debug|Any CPU.ActiveCfg = Debug|Any CPU
		{465EA7D0-3C90-43D0-B72F-164B9A32D381}.Debug|Any CPU.Build.0 = Debug|Any CPU
		{465EA7D0-3C90-43D0-B72F-164B9A32D381}.Debug|x64.ActiveCfg = Debug|Any CPU
		{465EA7D0-3C90-43D0-B72F-164B9A32D381}.Debug|x64.Build.0 = Debug|Any CPU
		{465EA7D0-3C90-43D0-B72F-164B9A32D381}.Debug|x86.ActiveCfg = Debug|Any CPU
		{465EA7D0-3C90-43D0-B72F-164B9A32D381}.Debug|x86.Build.0 = Debug|Any CPU
		{465EA7D0-3C90-43D0-B72F-164B9A32D381}.Release|Any CPU.ActiveCfg = Release|Any CPU
		{465EA7D0-3C90-43D0-B72F-164B9A32D381}.Release|Any CPU.Build.0 = Release|Any CPU
		{465EA7D0-3C90-43D0-B72F-164B9A32D381}.Release|x64.ActiveCfg = Release|Any CPU
		{465EA7D0-3C90-43D0-B72F-164B9A32D381}.Release|x64.Build.0 = Release|Any CPU
		{465EA7D0-3C90-43D0-B72F-164B9A32D381}.Release|x86.ActiveCfg = Release|Any CPU
		{465EA7D0-3C90-43D0-B72F-164B9A32D381}.Release|x86.Build.0 = Release|Any CPU
		{1459FE8E-0954-4FD7-BC97-9BDF00835A21}.Debug|Any CPU.ActiveCfg = Debug|Any CPU
		{1459FE8E-0954-4FD7-BC97-9BDF00835A21}.Debug|Any CPU.Build.0 = Debug|Any CPU
		{1459FE8E-0954-4FD7-BC97-9BDF00835A21}.Debug|x64.ActiveCfg = Debug|Any CPU
		{1459FE8E-0954-4FD7-BC97-9BDF00835A21}.Debug|x64.Build.0 = Debug|Any CPU
		{1459FE8E-0954-4FD7-BC97-9BDF00835A21}.Debug|x86.ActiveCfg = Debug|Any CPU
		{1459FE8E-0954-4FD7-BC97-9BDF00835A21}.Debug|x86.Build.0 = Debug|Any CPU
		{1459FE8E-0954-4FD7-BC97-9BDF00835A21}.Release|Any CPU.ActiveCfg = Release|Any CPU
		{1459FE8E-0954-4FD7-BC97-9BDF00835A21}.Release|Any CPU.Build.0 = Release|Any CPU
		{1459FE8E-0954-4FD7-BC97-9BDF00835A21}.Release|x64.ActiveCfg = Release|Any CPU
		{1459FE8E-0954-4FD7-BC97-9BDF00835A21}.Release|x64.Build.0 = Release|Any CPU
		{1459FE8E-0954-4FD7-BC97-9BDF00835A21}.Release|x86.ActiveCfg = Release|Any CPU
		{1459FE8E-0954-4FD7-BC97-9BDF00835A21}.Release|x86.Build.0 = Release|Any CPU
		{1DA0D318-64EB-4151-AD0B-4062B7A862A6}.Debug|Any CPU.ActiveCfg = Debug|Any CPU
		{1DA0D318-64EB-4151-AD0B-4062B7A862A6}.Debug|Any CPU.Build.0 = Debug|Any CPU
		{1DA0D318-64EB-4151-AD0B-4062B7A862A6}.Debug|x64.ActiveCfg = Debug|Any CPU
		{1DA0D318-64EB-4151-AD0B-4062B7A862A6}.Debug|x64.Build.0 = Debug|Any CPU
		{1DA0D318-64EB-4151-AD0B-4062B7A862A6}.Debug|x86.ActiveCfg = Debug|Any CPU
		{1DA0D318-64EB-4151-AD0B-4062B7A862A6}.Debug|x86.Build.0 = Debug|Any CPU
		{1DA0D318-64EB-4151-AD0B-4062B7A862A6}.Release|Any CPU.ActiveCfg = Release|Any CPU
		{1DA0D318-64EB-4151-AD0B-4062B7A862A6}.Release|Any CPU.Build.0 = Release|Any CPU
		{1DA0D318-64EB-4151-AD0B-4062B7A862A6}.Release|x64.ActiveCfg = Release|Any CPU
		{1DA0D318-64EB-4151-AD0B-4062B7A862A6}.Release|x64.Build.0 = Release|Any CPU
		{1DA0D318-64EB-4151-AD0B-4062B7A862A6}.Release|x86.ActiveCfg = Release|Any CPU
		{1DA0D318-64EB-4151-AD0B-4062B7A862A6}.Release|x86.Build.0 = Release|Any CPU
		{7F9A835E-7AD1-401A-93BC-E9FDE586366F}.Debug|Any CPU.ActiveCfg = Debug|Any CPU
		{7F9A835E-7AD1-401A-93BC-E9FDE586366F}.Debug|Any CPU.Build.0 = Debug|Any CPU
		{7F9A835E-7AD1-401A-93BC-E9FDE586366F}.Debug|x64.ActiveCfg = Debug|Any CPU
		{7F9A835E-7AD1-401A-93BC-E9FDE586366F}.Debug|x64.Build.0 = Debug|Any CPU
		{7F9A835E-7AD1-401A-93BC-E9FDE586366F}.Debug|x86.ActiveCfg = Debug|Any CPU
		{7F9A835E-7AD1-401A-93BC-E9FDE586366F}.Debug|x86.Build.0 = Debug|Any CPU
		{7F9A835E-7AD1-401A-93BC-E9FDE586366F}.Release|Any CPU.ActiveCfg = Release|Any CPU
		{7F9A835E-7AD1-401A-93BC-E9FDE586366F}.Release|Any CPU.Build.0 = Release|Any CPU
		{7F9A835E-7AD1-401A-93BC-E9FDE586366F}.Release|x64.ActiveCfg = Release|Any CPU
		{7F9A835E-7AD1-401A-93BC-E9FDE586366F}.Release|x64.Build.0 = Release|Any CPU
		{7F9A835E-7AD1-401A-93BC-E9FDE586366F}.Release|x86.ActiveCfg = Release|Any CPU
		{7F9A835E-7AD1-401A-93BC-E9FDE586366F}.Release|x86.Build.0 = Release|Any CPU
		{C692E99D-B2B1-4A8E-8378-20F937110E72}.Debug|Any CPU.ActiveCfg = Debug|Any CPU
		{C692E99D-B2B1-4A8E-8378-20F937110E72}.Debug|Any CPU.Build.0 = Debug|Any CPU
		{C692E99D-B2B1-4A8E-8378-20F937110E72}.Debug|x64.ActiveCfg = Debug|Any CPU
		{C692E99D-B2B1-4A8E-8378-20F937110E72}.Debug|x64.Build.0 = Debug|Any CPU
		{C692E99D-B2B1-4A8E-8378-20F937110E72}.Debug|x86.ActiveCfg = Debug|Any CPU
		{C692E99D-B2B1-4A8E-8378-20F937110E72}.Debug|x86.Build.0 = Debug|Any CPU
		{C692E99D-B2B1-4A8E-8378-20F937110E72}.Release|Any CPU.ActiveCfg = Release|Any CPU
		{C692E99D-B2B1-4A8E-8378-20F937110E72}.Release|Any CPU.Build.0 = Release|Any CPU
		{C692E99D-B2B1-4A8E-8378-20F937110E72}.Release|x64.ActiveCfg = Release|Any CPU
		{C692E99D-B2B1-4A8E-8378-20F937110E72}.Release|x64.Build.0 = Release|Any CPU
		{C692E99D-B2B1-4A8E-8378-20F937110E72}.Release|x86.ActiveCfg = Release|Any CPU
		{C692E99D-B2B1-4A8E-8378-20F937110E72}.Release|x86.Build.0 = Release|Any CPU
		{E9470918-7D49-4AD4-B015-60E4F1E02457}.Debug|Any CPU.ActiveCfg = Debug|Any CPU
		{E9470918-7D49-4AD4-B015-60E4F1E02457}.Debug|Any CPU.Build.0 = Debug|Any CPU
		{E9470918-7D49-4AD4-B015-60E4F1E02457}.Debug|x64.ActiveCfg = Debug|Any CPU
		{E9470918-7D49-4AD4-B015-60E4F1E02457}.Debug|x64.Build.0 = Debug|Any CPU
		{E9470918-7D49-4AD4-B015-60E4F1E02457}.Debug|x86.ActiveCfg = Debug|Any CPU
		{E9470918-7D49-4AD4-B015-60E4F1E02457}.Debug|x86.Build.0 = Debug|Any CPU
		{E9470918-7D49-4AD4-B015-60E4F1E02457}.Release|Any CPU.ActiveCfg = Release|Any CPU
		{E9470918-7D49-4AD4-B015-60E4F1E02457}.Release|Any CPU.Build.0 = Release|Any CPU
		{E9470918-7D49-4AD4-B015-60E4F1E02457}.Release|x64.ActiveCfg = Release|Any CPU
		{E9470918-7D49-4AD4-B015-60E4F1E02457}.Release|x64.Build.0 = Release|Any CPU
		{E9470918-7D49-4AD4-B015-60E4F1E02457}.Release|x86.ActiveCfg = Release|Any CPU
		{E9470918-7D49-4AD4-B015-60E4F1E02457}.Release|x86.Build.0 = Release|Any CPU
		{770F19C5-BD62-4AF5-9C2D-D02212E0081F}.Debug|Any CPU.ActiveCfg = Debug|Any CPU
		{770F19C5-BD62-4AF5-9C2D-D02212E0081F}.Debug|Any CPU.Build.0 = Debug|Any CPU
		{770F19C5-BD62-4AF5-9C2D-D02212E0081F}.Debug|x64.ActiveCfg = Debug|Any CPU
		{770F19C5-BD62-4AF5-9C2D-D02212E0081F}.Debug|x64.Build.0 = Debug|Any CPU
		{770F19C5-BD62-4AF5-9C2D-D02212E0081F}.Debug|x86.ActiveCfg = Debug|Any CPU
		{770F19C5-BD62-4AF5-9C2D-D02212E0081F}.Debug|x86.Build.0 = Debug|Any CPU
		{770F19C5-BD62-4AF5-9C2D-D02212E0081F}.Release|Any CPU.ActiveCfg = Release|Any CPU
		{770F19C5-BD62-4AF5-9C2D-D02212E0081F}.Release|Any CPU.Build.0 = Release|Any CPU
		{770F19C5-BD62-4AF5-9C2D-D02212E0081F}.Release|x64.ActiveCfg = Release|Any CPU
		{770F19C5-BD62-4AF5-9C2D-D02212E0081F}.Release|x64.Build.0 = Release|Any CPU
		{770F19C5-BD62-4AF5-9C2D-D02212E0081F}.Release|x86.ActiveCfg = Release|Any CPU
		{770F19C5-BD62-4AF5-9C2D-D02212E0081F}.Release|x86.Build.0 = Release|Any CPU
		{C4B351AA-98F8-419E-AB09-F718074571D4}.Debug|Any CPU.ActiveCfg = Debug|Any CPU
		{C4B351AA-98F8-419E-AB09-F718074571D4}.Debug|Any CPU.Build.0 = Debug|Any CPU
		{C4B351AA-98F8-419E-AB09-F718074571D4}.Debug|x64.ActiveCfg = Debug|Any CPU
		{C4B351AA-98F8-419E-AB09-F718074571D4}.Debug|x64.Build.0 = Debug|Any CPU
		{C4B351AA-98F8-419E-AB09-F718074571D4}.Debug|x86.ActiveCfg = Debug|Any CPU
		{C4B351AA-98F8-419E-AB09-F718074571D4}.Debug|x86.Build.0 = Debug|Any CPU
		{C4B351AA-98F8-419E-AB09-F718074571D4}.Release|Any CPU.ActiveCfg = Release|Any CPU
		{C4B351AA-98F8-419E-AB09-F718074571D4}.Release|Any CPU.Build.0 = Release|Any CPU
		{C4B351AA-98F8-419E-AB09-F718074571D4}.Release|x64.ActiveCfg = Release|Any CPU
		{C4B351AA-98F8-419E-AB09-F718074571D4}.Release|x64.Build.0 = Release|Any CPU
		{C4B351AA-98F8-419E-AB09-F718074571D4}.Release|x86.ActiveCfg = Release|Any CPU
		{C4B351AA-98F8-419E-AB09-F718074571D4}.Release|x86.Build.0 = Release|Any CPU
		{4D9DF68E-6365-4F1F-9A0D-92A37A1C8B8A}.Debug|Any CPU.ActiveCfg = Debug|Any CPU
		{4D9DF68E-6365-4F1F-9A0D-92A37A1C8B8A}.Debug|Any CPU.Build.0 = Debug|Any CPU
		{4D9DF68E-6365-4F1F-9A0D-92A37A1C8B8A}.Debug|x64.ActiveCfg = Debug|Any CPU
		{4D9DF68E-6365-4F1F-9A0D-92A37A1C8B8A}.Debug|x64.Build.0 = Debug|Any CPU
		{4D9DF68E-6365-4F1F-9A0D-92A37A1C8B8A}.Debug|x86.ActiveCfg = Debug|Any CPU
		{4D9DF68E-6365-4F1F-9A0D-92A37A1C8B8A}.Debug|x86.Build.0 = Debug|Any CPU
		{4D9DF68E-6365-4F1F-9A0D-92A37A1C8B8A}.Release|Any CPU.ActiveCfg = Debug|Any CPU
		{4D9DF68E-6365-4F1F-9A0D-92A37A1C8B8A}.Release|Any CPU.Build.0 = Debug|Any CPU
		{4D9DF68E-6365-4F1F-9A0D-92A37A1C8B8A}.Release|x64.ActiveCfg = Debug|Any CPU
		{4D9DF68E-6365-4F1F-9A0D-92A37A1C8B8A}.Release|x64.Build.0 = Debug|Any CPU
		{4D9DF68E-6365-4F1F-9A0D-92A37A1C8B8A}.Release|x86.ActiveCfg = Debug|Any CPU
		{4D9DF68E-6365-4F1F-9A0D-92A37A1C8B8A}.Release|x86.Build.0 = Debug|Any CPU
		{C7E245DC-2C1C-48B8-9A6B-278194684258}.Debug|Any CPU.ActiveCfg = Debug|Any CPU
		{C7E245DC-2C1C-48B8-9A6B-278194684258}.Debug|Any CPU.Build.0 = Debug|Any CPU
		{C7E245DC-2C1C-48B8-9A6B-278194684258}.Debug|x64.ActiveCfg = Debug|Any CPU
		{C7E245DC-2C1C-48B8-9A6B-278194684258}.Debug|x64.Build.0 = Debug|Any CPU
		{C7E245DC-2C1C-48B8-9A6B-278194684258}.Debug|x86.ActiveCfg = Debug|Any CPU
		{C7E245DC-2C1C-48B8-9A6B-278194684258}.Debug|x86.Build.0 = Debug|Any CPU
		{C7E245DC-2C1C-48B8-9A6B-278194684258}.Release|Any CPU.ActiveCfg = Debug|Any CPU
		{C7E245DC-2C1C-48B8-9A6B-278194684258}.Release|Any CPU.Build.0 = Debug|Any CPU
		{C7E245DC-2C1C-48B8-9A6B-278194684258}.Release|x64.ActiveCfg = Debug|Any CPU
		{C7E245DC-2C1C-48B8-9A6B-278194684258}.Release|x64.Build.0 = Debug|Any CPU
		{C7E245DC-2C1C-48B8-9A6B-278194684258}.Release|x86.ActiveCfg = Debug|Any CPU
		{C7E245DC-2C1C-48B8-9A6B-278194684258}.Release|x86.Build.0 = Debug|Any CPU
		{92870864-65E8-4C33-9235-F269BB21DDE9}.Debug|Any CPU.ActiveCfg = Debug|Any CPU
		{92870864-65E8-4C33-9235-F269BB21DDE9}.Debug|Any CPU.Build.0 = Debug|Any CPU
		{92870864-65E8-4C33-9235-F269BB21DDE9}.Debug|x64.ActiveCfg = Debug|Any CPU
		{92870864-65E8-4C33-9235-F269BB21DDE9}.Debug|x64.Build.0 = Debug|Any CPU
		{92870864-65E8-4C33-9235-F269BB21DDE9}.Debug|x86.ActiveCfg = Debug|Any CPU
		{92870864-65E8-4C33-9235-F269BB21DDE9}.Debug|x86.Build.0 = Debug|Any CPU
		{92870864-65E8-4C33-9235-F269BB21DDE9}.Release|Any CPU.ActiveCfg = Release|Any CPU
		{92870864-65E8-4C33-9235-F269BB21DDE9}.Release|Any CPU.Build.0 = Release|Any CPU
		{92870864-65E8-4C33-9235-F269BB21DDE9}.Release|x64.ActiveCfg = Release|Any CPU
		{92870864-65E8-4C33-9235-F269BB21DDE9}.Release|x64.Build.0 = Release|Any CPU
		{92870864-65E8-4C33-9235-F269BB21DDE9}.Release|x86.ActiveCfg = Release|Any CPU
		{92870864-65E8-4C33-9235-F269BB21DDE9}.Release|x86.Build.0 = Release|Any CPU
		{826C6B11-4385-4DD7-80FD-31139FA0B0CF}.Debug|Any CPU.ActiveCfg = Debug|Any CPU
		{826C6B11-4385-4DD7-80FD-31139FA0B0CF}.Debug|Any CPU.Build.0 = Debug|Any CPU
		{826C6B11-4385-4DD7-80FD-31139FA0B0CF}.Debug|x64.ActiveCfg = Debug|Any CPU
		{826C6B11-4385-4DD7-80FD-31139FA0B0CF}.Debug|x64.Build.0 = Debug|Any CPU
		{826C6B11-4385-4DD7-80FD-31139FA0B0CF}.Debug|x86.ActiveCfg = Debug|Any CPU
		{826C6B11-4385-4DD7-80FD-31139FA0B0CF}.Debug|x86.Build.0 = Debug|Any CPU
		{826C6B11-4385-4DD7-80FD-31139FA0B0CF}.Release|Any CPU.ActiveCfg = Release|Any CPU
		{826C6B11-4385-4DD7-80FD-31139FA0B0CF}.Release|Any CPU.Build.0 = Release|Any CPU
		{826C6B11-4385-4DD7-80FD-31139FA0B0CF}.Release|x64.ActiveCfg = Release|Any CPU
		{826C6B11-4385-4DD7-80FD-31139FA0B0CF}.Release|x64.Build.0 = Release|Any CPU
		{826C6B11-4385-4DD7-80FD-31139FA0B0CF}.Release|x86.ActiveCfg = Release|Any CPU
		{826C6B11-4385-4DD7-80FD-31139FA0B0CF}.Release|x86.Build.0 = Release|Any CPU
		{1270FA43-9CB5-48EB-A3FD-3F0C5396863E}.Debug|Any CPU.ActiveCfg = Debug|Any CPU
		{1270FA43-9CB5-48EB-A3FD-3F0C5396863E}.Debug|Any CPU.Build.0 = Debug|Any CPU
		{1270FA43-9CB5-48EB-A3FD-3F0C5396863E}.Debug|x64.ActiveCfg = Debug|Any CPU
		{1270FA43-9CB5-48EB-A3FD-3F0C5396863E}.Debug|x64.Build.0 = Debug|Any CPU
		{1270FA43-9CB5-48EB-A3FD-3F0C5396863E}.Debug|x86.ActiveCfg = Debug|Any CPU
		{1270FA43-9CB5-48EB-A3FD-3F0C5396863E}.Debug|x86.Build.0 = Debug|Any CPU
		{1270FA43-9CB5-48EB-A3FD-3F0C5396863E}.Release|Any CPU.ActiveCfg = Release|Any CPU
		{1270FA43-9CB5-48EB-A3FD-3F0C5396863E}.Release|Any CPU.Build.0 = Release|Any CPU
		{1270FA43-9CB5-48EB-A3FD-3F0C5396863E}.Release|x64.ActiveCfg = Release|Any CPU
		{1270FA43-9CB5-48EB-A3FD-3F0C5396863E}.Release|x64.Build.0 = Release|Any CPU
		{1270FA43-9CB5-48EB-A3FD-3F0C5396863E}.Release|x86.ActiveCfg = Release|Any CPU
		{1270FA43-9CB5-48EB-A3FD-3F0C5396863E}.Release|x86.Build.0 = Release|Any CPU
		{0F400007-EC3E-4E2E-BC41-A63657FBB436}.Debug|Any CPU.ActiveCfg = Debug|Any CPU
		{0F400007-EC3E-4E2E-BC41-A63657FBB436}.Debug|Any CPU.Build.0 = Debug|Any CPU
		{0F400007-EC3E-4E2E-BC41-A63657FBB436}.Debug|x64.ActiveCfg = Debug|Any CPU
		{0F400007-EC3E-4E2E-BC41-A63657FBB436}.Debug|x64.Build.0 = Debug|Any CPU
		{0F400007-EC3E-4E2E-BC41-A63657FBB436}.Debug|x86.ActiveCfg = Debug|Any CPU
		{0F400007-EC3E-4E2E-BC41-A63657FBB436}.Debug|x86.Build.0 = Debug|Any CPU
		{0F400007-EC3E-4E2E-BC41-A63657FBB436}.Release|Any CPU.ActiveCfg = Release|Any CPU
		{0F400007-EC3E-4E2E-BC41-A63657FBB436}.Release|Any CPU.Build.0 = Release|Any CPU
		{0F400007-EC3E-4E2E-BC41-A63657FBB436}.Release|x64.ActiveCfg = Release|Any CPU
		{0F400007-EC3E-4E2E-BC41-A63657FBB436}.Release|x64.Build.0 = Release|Any CPU
		{0F400007-EC3E-4E2E-BC41-A63657FBB436}.Release|x86.ActiveCfg = Release|Any CPU
		{0F400007-EC3E-4E2E-BC41-A63657FBB436}.Release|x86.Build.0 = Release|Any CPU
		{D1AD285C-DB72-460B-9055-D9926BAFF7EC}.Debug|Any CPU.ActiveCfg = Debug|Any CPU
		{D1AD285C-DB72-460B-9055-D9926BAFF7EC}.Debug|Any CPU.Build.0 = Debug|Any CPU
		{D1AD285C-DB72-460B-9055-D9926BAFF7EC}.Debug|x64.ActiveCfg = Debug|Any CPU
		{D1AD285C-DB72-460B-9055-D9926BAFF7EC}.Debug|x64.Build.0 = Debug|Any CPU
		{D1AD285C-DB72-460B-9055-D9926BAFF7EC}.Debug|x86.ActiveCfg = Debug|Any CPU
		{D1AD285C-DB72-460B-9055-D9926BAFF7EC}.Debug|x86.Build.0 = Debug|Any CPU
		{D1AD285C-DB72-460B-9055-D9926BAFF7EC}.Release|Any CPU.ActiveCfg = Release|Any CPU
		{D1AD285C-DB72-460B-9055-D9926BAFF7EC}.Release|Any CPU.Build.0 = Release|Any CPU
		{D1AD285C-DB72-460B-9055-D9926BAFF7EC}.Release|x64.ActiveCfg = Release|Any CPU
		{D1AD285C-DB72-460B-9055-D9926BAFF7EC}.Release|x64.Build.0 = Release|Any CPU
		{D1AD285C-DB72-460B-9055-D9926BAFF7EC}.Release|x86.ActiveCfg = Release|Any CPU
		{D1AD285C-DB72-460B-9055-D9926BAFF7EC}.Release|x86.Build.0 = Release|Any CPU
		{26C79793-07C6-4738-BB10-4742FDABDE7E}.Debug|Any CPU.ActiveCfg = Debug|Any CPU
		{26C79793-07C6-4738-BB10-4742FDABDE7E}.Debug|Any CPU.Build.0 = Debug|Any CPU
		{26C79793-07C6-4738-BB10-4742FDABDE7E}.Debug|x64.ActiveCfg = Debug|Any CPU
		{26C79793-07C6-4738-BB10-4742FDABDE7E}.Debug|x64.Build.0 = Debug|Any CPU
		{26C79793-07C6-4738-BB10-4742FDABDE7E}.Debug|x86.ActiveCfg = Debug|Any CPU
		{26C79793-07C6-4738-BB10-4742FDABDE7E}.Debug|x86.Build.0 = Debug|Any CPU
		{26C79793-07C6-4738-BB10-4742FDABDE7E}.Release|Any CPU.ActiveCfg = Release|Any CPU
		{26C79793-07C6-4738-BB10-4742FDABDE7E}.Release|Any CPU.Build.0 = Release|Any CPU
		{26C79793-07C6-4738-BB10-4742FDABDE7E}.Release|x64.ActiveCfg = Release|Any CPU
		{26C79793-07C6-4738-BB10-4742FDABDE7E}.Release|x64.Build.0 = Release|Any CPU
		{26C79793-07C6-4738-BB10-4742FDABDE7E}.Release|x86.ActiveCfg = Release|Any CPU
		{26C79793-07C6-4738-BB10-4742FDABDE7E}.Release|x86.Build.0 = Release|Any CPU
		{328AF21D-69F2-4638-BD1B-BFD99564D53F}.Debug|Any CPU.ActiveCfg = Debug|Any CPU
		{328AF21D-69F2-4638-BD1B-BFD99564D53F}.Debug|Any CPU.Build.0 = Debug|Any CPU
		{328AF21D-69F2-4638-BD1B-BFD99564D53F}.Debug|x64.ActiveCfg = Debug|Any CPU
		{328AF21D-69F2-4638-BD1B-BFD99564D53F}.Debug|x64.Build.0 = Debug|Any CPU
		{328AF21D-69F2-4638-BD1B-BFD99564D53F}.Debug|x86.ActiveCfg = Debug|Any CPU
		{328AF21D-69F2-4638-BD1B-BFD99564D53F}.Debug|x86.Build.0 = Debug|Any CPU
		{328AF21D-69F2-4638-BD1B-BFD99564D53F}.Release|Any CPU.ActiveCfg = Release|Any CPU
		{328AF21D-69F2-4638-BD1B-BFD99564D53F}.Release|Any CPU.Build.0 = Release|Any CPU
		{328AF21D-69F2-4638-BD1B-BFD99564D53F}.Release|x64.ActiveCfg = Release|Any CPU
		{328AF21D-69F2-4638-BD1B-BFD99564D53F}.Release|x64.Build.0 = Release|Any CPU
		{328AF21D-69F2-4638-BD1B-BFD99564D53F}.Release|x86.ActiveCfg = Release|Any CPU
		{328AF21D-69F2-4638-BD1B-BFD99564D53F}.Release|x86.Build.0 = Release|Any CPU
		{C4AA02C1-787C-49B7-97FE-F2C78CE4D485}.Debug|Any CPU.ActiveCfg = Debug|Any CPU
		{C4AA02C1-787C-49B7-97FE-F2C78CE4D485}.Debug|Any CPU.Build.0 = Debug|Any CPU
		{C4AA02C1-787C-49B7-97FE-F2C78CE4D485}.Debug|x64.ActiveCfg = Debug|Any CPU
		{C4AA02C1-787C-49B7-97FE-F2C78CE4D485}.Debug|x64.Build.0 = Debug|Any CPU
		{C4AA02C1-787C-49B7-97FE-F2C78CE4D485}.Debug|x86.ActiveCfg = Debug|Any CPU
		{C4AA02C1-787C-49B7-97FE-F2C78CE4D485}.Debug|x86.Build.0 = Debug|Any CPU
		{C4AA02C1-787C-49B7-97FE-F2C78CE4D485}.Release|Any CPU.ActiveCfg = Release|Any CPU
		{C4AA02C1-787C-49B7-97FE-F2C78CE4D485}.Release|Any CPU.Build.0 = Release|Any CPU
		{C4AA02C1-787C-49B7-97FE-F2C78CE4D485}.Release|x64.ActiveCfg = Release|Any CPU
		{C4AA02C1-787C-49B7-97FE-F2C78CE4D485}.Release|x64.Build.0 = Release|Any CPU
		{C4AA02C1-787C-49B7-97FE-F2C78CE4D485}.Release|x86.ActiveCfg = Release|Any CPU
		{C4AA02C1-787C-49B7-97FE-F2C78CE4D485}.Release|x86.Build.0 = Release|Any CPU
		{80C5E321-C37A-45A7-B116-6F820B8E5A38}.Debug|Any CPU.ActiveCfg = Debug|Any CPU
		{80C5E321-C37A-45A7-B116-6F820B8E5A38}.Debug|Any CPU.Build.0 = Debug|Any CPU
		{80C5E321-C37A-45A7-B116-6F820B8E5A38}.Debug|x64.ActiveCfg = Debug|Any CPU
		{80C5E321-C37A-45A7-B116-6F820B8E5A38}.Debug|x64.Build.0 = Debug|Any CPU
		{80C5E321-C37A-45A7-B116-6F820B8E5A38}.Debug|x86.ActiveCfg = Debug|Any CPU
		{80C5E321-C37A-45A7-B116-6F820B8E5A38}.Debug|x86.Build.0 = Debug|Any CPU
		{80C5E321-C37A-45A7-B116-6F820B8E5A38}.Release|Any CPU.ActiveCfg = Release|Any CPU
		{80C5E321-C37A-45A7-B116-6F820B8E5A38}.Release|Any CPU.Build.0 = Release|Any CPU
		{80C5E321-C37A-45A7-B116-6F820B8E5A38}.Release|x64.ActiveCfg = Release|Any CPU
		{80C5E321-C37A-45A7-B116-6F820B8E5A38}.Release|x64.Build.0 = Release|Any CPU
		{80C5E321-C37A-45A7-B116-6F820B8E5A38}.Release|x86.ActiveCfg = Release|Any CPU
		{80C5E321-C37A-45A7-B116-6F820B8E5A38}.Release|x86.Build.0 = Release|Any CPU
		{EA622C10-1295-484E-BE86-62EF8288EAE1}.Debug|Any CPU.ActiveCfg = Debug|Any CPU
		{EA622C10-1295-484E-BE86-62EF8288EAE1}.Debug|Any CPU.Build.0 = Debug|Any CPU
		{EA622C10-1295-484E-BE86-62EF8288EAE1}.Debug|x64.ActiveCfg = Debug|Any CPU
		{EA622C10-1295-484E-BE86-62EF8288EAE1}.Debug|x64.Build.0 = Debug|Any CPU
		{EA622C10-1295-484E-BE86-62EF8288EAE1}.Debug|x86.ActiveCfg = Debug|Any CPU
		{EA622C10-1295-484E-BE86-62EF8288EAE1}.Debug|x86.Build.0 = Debug|Any CPU
		{EA622C10-1295-484E-BE86-62EF8288EAE1}.Release|Any CPU.ActiveCfg = Release|Any CPU
		{EA622C10-1295-484E-BE86-62EF8288EAE1}.Release|Any CPU.Build.0 = Release|Any CPU
		{EA622C10-1295-484E-BE86-62EF8288EAE1}.Release|x64.ActiveCfg = Release|Any CPU
		{EA622C10-1295-484E-BE86-62EF8288EAE1}.Release|x64.Build.0 = Release|Any CPU
		{EA622C10-1295-484E-BE86-62EF8288EAE1}.Release|x86.ActiveCfg = Release|Any CPU
		{EA622C10-1295-484E-BE86-62EF8288EAE1}.Release|x86.Build.0 = Release|Any CPU
		{A58CB94C-1177-4C7D-9065-6FBE39009666}.Debug|Any CPU.ActiveCfg = Debug|Any CPU
		{A58CB94C-1177-4C7D-9065-6FBE39009666}.Debug|Any CPU.Build.0 = Debug|Any CPU
		{A58CB94C-1177-4C7D-9065-6FBE39009666}.Debug|x64.ActiveCfg = Debug|Any CPU
		{A58CB94C-1177-4C7D-9065-6FBE39009666}.Debug|x64.Build.0 = Debug|Any CPU
		{A58CB94C-1177-4C7D-9065-6FBE39009666}.Debug|x86.ActiveCfg = Debug|Any CPU
		{A58CB94C-1177-4C7D-9065-6FBE39009666}.Debug|x86.Build.0 = Debug|Any CPU
		{A58CB94C-1177-4C7D-9065-6FBE39009666}.Release|Any CPU.ActiveCfg = Release|Any CPU
		{A58CB94C-1177-4C7D-9065-6FBE39009666}.Release|Any CPU.Build.0 = Release|Any CPU
		{A58CB94C-1177-4C7D-9065-6FBE39009666}.Release|x64.ActiveCfg = Release|Any CPU
		{A58CB94C-1177-4C7D-9065-6FBE39009666}.Release|x64.Build.0 = Release|Any CPU
		{A58CB94C-1177-4C7D-9065-6FBE39009666}.Release|x86.ActiveCfg = Release|Any CPU
		{A58CB94C-1177-4C7D-9065-6FBE39009666}.Release|x86.Build.0 = Release|Any CPU
		{58466C10-CC57-46EA-B001-608D7482BC66}.Debug|Any CPU.ActiveCfg = Debug|Any CPU
		{58466C10-CC57-46EA-B001-608D7482BC66}.Debug|Any CPU.Build.0 = Debug|Any CPU
		{58466C10-CC57-46EA-B001-608D7482BC66}.Debug|x64.ActiveCfg = Debug|Any CPU
		{58466C10-CC57-46EA-B001-608D7482BC66}.Debug|x64.Build.0 = Debug|Any CPU
		{58466C10-CC57-46EA-B001-608D7482BC66}.Debug|x86.ActiveCfg = Debug|Any CPU
		{58466C10-CC57-46EA-B001-608D7482BC66}.Debug|x86.Build.0 = Debug|Any CPU
		{58466C10-CC57-46EA-B001-608D7482BC66}.Release|Any CPU.ActiveCfg = Release|Any CPU
		{58466C10-CC57-46EA-B001-608D7482BC66}.Release|Any CPU.Build.0 = Release|Any CPU
		{58466C10-CC57-46EA-B001-608D7482BC66}.Release|x64.ActiveCfg = Release|Any CPU
		{58466C10-CC57-46EA-B001-608D7482BC66}.Release|x64.Build.0 = Release|Any CPU
		{58466C10-CC57-46EA-B001-608D7482BC66}.Release|x86.ActiveCfg = Release|Any CPU
		{58466C10-CC57-46EA-B001-608D7482BC66}.Release|x86.Build.0 = Release|Any CPU
		{FB667306-BA69-4978-A25A-808E3328A61F}.Debug|Any CPU.ActiveCfg = Debug|Any CPU
		{FB667306-BA69-4978-A25A-808E3328A61F}.Debug|Any CPU.Build.0 = Debug|Any CPU
		{FB667306-BA69-4978-A25A-808E3328A61F}.Debug|x64.ActiveCfg = Debug|Any CPU
		{FB667306-BA69-4978-A25A-808E3328A61F}.Debug|x64.Build.0 = Debug|Any CPU
		{FB667306-BA69-4978-A25A-808E3328A61F}.Debug|x86.ActiveCfg = Debug|Any CPU
		{FB667306-BA69-4978-A25A-808E3328A61F}.Debug|x86.Build.0 = Debug|Any CPU
		{FB667306-BA69-4978-A25A-808E3328A61F}.Release|Any CPU.ActiveCfg = Release|Any CPU
		{FB667306-BA69-4978-A25A-808E3328A61F}.Release|Any CPU.Build.0 = Release|Any CPU
		{FB667306-BA69-4978-A25A-808E3328A61F}.Release|x64.ActiveCfg = Release|Any CPU
		{FB667306-BA69-4978-A25A-808E3328A61F}.Release|x64.Build.0 = Release|Any CPU
		{FB667306-BA69-4978-A25A-808E3328A61F}.Release|x86.ActiveCfg = Release|Any CPU
		{FB667306-BA69-4978-A25A-808E3328A61F}.Release|x86.Build.0 = Release|Any CPU
		{3D57D7C1-6D3F-4C94-9F44-011462B74099}.Debug|Any CPU.ActiveCfg = Debug|Any CPU
		{3D57D7C1-6D3F-4C94-9F44-011462B74099}.Debug|Any CPU.Build.0 = Debug|Any CPU
		{3D57D7C1-6D3F-4C94-9F44-011462B74099}.Debug|x64.ActiveCfg = Debug|Any CPU
		{3D57D7C1-6D3F-4C94-9F44-011462B74099}.Debug|x64.Build.0 = Debug|Any CPU
		{3D57D7C1-6D3F-4C94-9F44-011462B74099}.Debug|x86.ActiveCfg = Debug|Any CPU
		{3D57D7C1-6D3F-4C94-9F44-011462B74099}.Debug|x86.Build.0 = Debug|Any CPU
		{3D57D7C1-6D3F-4C94-9F44-011462B74099}.Release|Any CPU.ActiveCfg = Release|Any CPU
		{3D57D7C1-6D3F-4C94-9F44-011462B74099}.Release|Any CPU.Build.0 = Release|Any CPU
		{3D57D7C1-6D3F-4C94-9F44-011462B74099}.Release|x64.ActiveCfg = Release|Any CPU
		{3D57D7C1-6D3F-4C94-9F44-011462B74099}.Release|x64.Build.0 = Release|Any CPU
		{3D57D7C1-6D3F-4C94-9F44-011462B74099}.Release|x86.ActiveCfg = Release|Any CPU
		{3D57D7C1-6D3F-4C94-9F44-011462B74099}.Release|x86.Build.0 = Release|Any CPU
		{A461B22F-2498-4CD0-88CA-C5103671D26E}.Debug|Any CPU.ActiveCfg = Debug|Any CPU
		{A461B22F-2498-4CD0-88CA-C5103671D26E}.Debug|Any CPU.Build.0 = Debug|Any CPU
		{A461B22F-2498-4CD0-88CA-C5103671D26E}.Debug|x64.ActiveCfg = Debug|Any CPU
		{A461B22F-2498-4CD0-88CA-C5103671D26E}.Debug|x64.Build.0 = Debug|Any CPU
		{A461B22F-2498-4CD0-88CA-C5103671D26E}.Debug|x86.ActiveCfg = Debug|Any CPU
		{A461B22F-2498-4CD0-88CA-C5103671D26E}.Debug|x86.Build.0 = Debug|Any CPU
		{A461B22F-2498-4CD0-88CA-C5103671D26E}.Release|Any CPU.ActiveCfg = Release|Any CPU
		{A461B22F-2498-4CD0-88CA-C5103671D26E}.Release|Any CPU.Build.0 = Release|Any CPU
		{A461B22F-2498-4CD0-88CA-C5103671D26E}.Release|x64.ActiveCfg = Release|Any CPU
		{A461B22F-2498-4CD0-88CA-C5103671D26E}.Release|x64.Build.0 = Release|Any CPU
		{A461B22F-2498-4CD0-88CA-C5103671D26E}.Release|x86.ActiveCfg = Release|Any CPU
		{A461B22F-2498-4CD0-88CA-C5103671D26E}.Release|x86.Build.0 = Release|Any CPU
		{72159588-5D70-4861-916C-AEBF1B52A307}.Debug|Any CPU.ActiveCfg = Debug|Any CPU
		{72159588-5D70-4861-916C-AEBF1B52A307}.Debug|Any CPU.Build.0 = Debug|Any CPU
		{72159588-5D70-4861-916C-AEBF1B52A307}.Debug|x64.ActiveCfg = Debug|Any CPU
		{72159588-5D70-4861-916C-AEBF1B52A307}.Debug|x64.Build.0 = Debug|Any CPU
		{72159588-5D70-4861-916C-AEBF1B52A307}.Debug|x86.ActiveCfg = Debug|Any CPU
		{72159588-5D70-4861-916C-AEBF1B52A307}.Debug|x86.Build.0 = Debug|Any CPU
		{72159588-5D70-4861-916C-AEBF1B52A307}.Release|Any CPU.ActiveCfg = Release|Any CPU
		{72159588-5D70-4861-916C-AEBF1B52A307}.Release|Any CPU.Build.0 = Release|Any CPU
		{72159588-5D70-4861-916C-AEBF1B52A307}.Release|x64.ActiveCfg = Release|Any CPU
		{72159588-5D70-4861-916C-AEBF1B52A307}.Release|x64.Build.0 = Release|Any CPU
		{72159588-5D70-4861-916C-AEBF1B52A307}.Release|x86.ActiveCfg = Release|Any CPU
		{72159588-5D70-4861-916C-AEBF1B52A307}.Release|x86.Build.0 = Release|Any CPU
		{158DACDD-255A-4182-8F63-EBB8D9B1AF01}.Debug|Any CPU.ActiveCfg = Debug|Any CPU
		{158DACDD-255A-4182-8F63-EBB8D9B1AF01}.Debug|Any CPU.Build.0 = Debug|Any CPU
		{158DACDD-255A-4182-8F63-EBB8D9B1AF01}.Debug|x64.ActiveCfg = Debug|Any CPU
		{158DACDD-255A-4182-8F63-EBB8D9B1AF01}.Debug|x64.Build.0 = Debug|Any CPU
		{158DACDD-255A-4182-8F63-EBB8D9B1AF01}.Debug|x86.ActiveCfg = Debug|Any CPU
		{158DACDD-255A-4182-8F63-EBB8D9B1AF01}.Debug|x86.Build.0 = Debug|Any CPU
		{158DACDD-255A-4182-8F63-EBB8D9B1AF01}.Release|Any CPU.ActiveCfg = Release|Any CPU
		{158DACDD-255A-4182-8F63-EBB8D9B1AF01}.Release|Any CPU.Build.0 = Release|Any CPU
		{158DACDD-255A-4182-8F63-EBB8D9B1AF01}.Release|x64.ActiveCfg = Release|Any CPU
		{158DACDD-255A-4182-8F63-EBB8D9B1AF01}.Release|x64.Build.0 = Release|Any CPU
		{158DACDD-255A-4182-8F63-EBB8D9B1AF01}.Release|x86.ActiveCfg = Release|Any CPU
		{158DACDD-255A-4182-8F63-EBB8D9B1AF01}.Release|x86.Build.0 = Release|Any CPU
		{04FD5447-5A11-4B61-98CD-E581124078F5}.Debug|Any CPU.ActiveCfg = Debug|Any CPU
		{04FD5447-5A11-4B61-98CD-E581124078F5}.Debug|Any CPU.Build.0 = Debug|Any CPU
		{04FD5447-5A11-4B61-98CD-E581124078F5}.Debug|x64.ActiveCfg = Debug|Any CPU
		{04FD5447-5A11-4B61-98CD-E581124078F5}.Debug|x64.Build.0 = Debug|Any CPU
		{04FD5447-5A11-4B61-98CD-E581124078F5}.Debug|x86.ActiveCfg = Debug|Any CPU
		{04FD5447-5A11-4B61-98CD-E581124078F5}.Debug|x86.Build.0 = Debug|Any CPU
		{04FD5447-5A11-4B61-98CD-E581124078F5}.Release|Any CPU.ActiveCfg = Release|Any CPU
		{04FD5447-5A11-4B61-98CD-E581124078F5}.Release|Any CPU.Build.0 = Release|Any CPU
		{04FD5447-5A11-4B61-98CD-E581124078F5}.Release|x64.ActiveCfg = Release|Any CPU
		{04FD5447-5A11-4B61-98CD-E581124078F5}.Release|x64.Build.0 = Release|Any CPU
		{04FD5447-5A11-4B61-98CD-E581124078F5}.Release|x86.ActiveCfg = Release|Any CPU
		{04FD5447-5A11-4B61-98CD-E581124078F5}.Release|x86.Build.0 = Release|Any CPU
	EndGlobalSection
	GlobalSection(SolutionProperties) = preSolution
		HideSolutionNode = FALSE
	EndGlobalSection
	GlobalSection(NestedProjects) = preSolution
		{DE06ED25-392B-4E85-849F-6E4FD96D5E0C} = {4E466E6B-B3EB-4D21-A930-FDFA60FBEBCC}
		{42FCB883-FA0E-4897-B678-7E600A93B354} = {4712A230-9747-4447-B4C5-022006511342}
		{465EA7D0-3C90-43D0-B72F-164B9A32D381} = {4712A230-9747-4447-B4C5-022006511342}
		{1459FE8E-0954-4FD7-BC97-9BDF00835A21} = {4712A230-9747-4447-B4C5-022006511342}
		{1DA0D318-64EB-4151-AD0B-4062B7A862A6} = {8B5A2808-6790-4BE6-B4C2-B54BD4D67FB7}
		{7F9A835E-7AD1-401A-93BC-E9FDE586366F} = {4E466E6B-B3EB-4D21-A930-FDFA60FBEBCC}
		{C692E99D-B2B1-4A8E-8378-20F937110E72} = {4E466E6B-B3EB-4D21-A930-FDFA60FBEBCC}
		{E9470918-7D49-4AD4-B015-60E4F1E02457} = {4E466E6B-B3EB-4D21-A930-FDFA60FBEBCC}
		{770F19C5-BD62-4AF5-9C2D-D02212E0081F} = {4712A230-9747-4447-B4C5-022006511342}
		{C4B351AA-98F8-419E-AB09-F718074571D4} = {4712A230-9747-4447-B4C5-022006511342}
		{4D9DF68E-6365-4F1F-9A0D-92A37A1C8B8A} = {4E466E6B-B3EB-4D21-A930-FDFA60FBEBCC}
		{C7E245DC-2C1C-48B8-9A6B-278194684258} = {4712A230-9747-4447-B4C5-022006511342}
		{92870864-65E8-4C33-9235-F269BB21DDE9} = {4E466E6B-B3EB-4D21-A930-FDFA60FBEBCC}
		{826C6B11-4385-4DD7-80FD-31139FA0B0CF} = {4E466E6B-B3EB-4D21-A930-FDFA60FBEBCC}
		{1270FA43-9CB5-48EB-A3FD-3F0C5396863E} = {4712A230-9747-4447-B4C5-022006511342}
		{0F400007-EC3E-4E2E-BC41-A63657FBB436} = {4E466E6B-B3EB-4D21-A930-FDFA60FBEBCC}
		{D1AD285C-DB72-460B-9055-D9926BAFF7EC} = {4E466E6B-B3EB-4D21-A930-FDFA60FBEBCC}
		{26C79793-07C6-4738-BB10-4742FDABDE7E} = {4E466E6B-B3EB-4D21-A930-FDFA60FBEBCC}
		{328AF21D-69F2-4638-BD1B-BFD99564D53F} = {4E466E6B-B3EB-4D21-A930-FDFA60FBEBCC}
		{C4AA02C1-787C-49B7-97FE-F2C78CE4D485} = {4E466E6B-B3EB-4D21-A930-FDFA60FBEBCC}
		{80C5E321-C37A-45A7-B116-6F820B8E5A38} = {4E466E6B-B3EB-4D21-A930-FDFA60FBEBCC}
		{EA622C10-1295-484E-BE86-62EF8288EAE1} = {4E466E6B-B3EB-4D21-A930-FDFA60FBEBCC}
		{A58CB94C-1177-4C7D-9065-6FBE39009666} = {4712A230-9747-4447-B4C5-022006511342}
		{58466C10-CC57-46EA-B001-608D7482BC66} = {4712A230-9747-4447-B4C5-022006511342}
		{FB667306-BA69-4978-A25A-808E3328A61F} = {4712A230-9747-4447-B4C5-022006511342}
		{3D57D7C1-6D3F-4C94-9F44-011462B74099} = {4712A230-9747-4447-B4C5-022006511342}
		{A461B22F-2498-4CD0-88CA-C5103671D26E} = {4712A230-9747-4447-B4C5-022006511342}
		{72159588-5D70-4861-916C-AEBF1B52A307} = {4712A230-9747-4447-B4C5-022006511342}
		{158DACDD-255A-4182-8F63-EBB8D9B1AF01} = {4712A230-9747-4447-B4C5-022006511342}
		{04FD5447-5A11-4B61-98CD-E581124078F5} = {DA48DBC9-1181-4043-B5F7-89609F317814}
	EndGlobalSection
	GlobalSection(ExtensibilityGlobals) = postSolution
		SolutionGuid = {5BB1D6C4-C2EC-45ED-AB2E-F43CD8D84EA3}
	EndGlobalSection
EndGlobal
